// !$*UTF8*$!
{
	archiveVersion = 1;
	classes = {
	};
	objectVersion = 46;
	objects = {

/* Begin PBXBuildFile section */
		3B2B8FDC1CC4E01900F12842 /* DownloadSession.swift in Sources */ = {isa = PBXBuildFile; fileRef = 3B2B8FDB1CC4E01900F12842 /* DownloadSession.swift */; };
		3B2B8FDE1CC53D3B00F12842 /* DownloadSessionTest.swift in Sources */ = {isa = PBXBuildFile; fileRef = 3B2B8FDD1CC53D3B00F12842 /* DownloadSessionTest.swift */; };
		3B5234141CBE74CF00ECDCFB /* NSData+DataWithContentsOfFile.swift in Sources */ = {isa = PBXBuildFile; fileRef = 3B52340D1CBE4C2E00ECDCFB /* NSData+DataWithContentsOfFile.swift */; };
		3B5B51151CC114350044778E /* Stack.swift in Sources */ = {isa = PBXBuildFile; fileRef = 3B5B51141CC114350044778E /* Stack.swift */; };
		3B5B51171CC12AB00044778E /* StackTest.swift in Sources */ = {isa = PBXBuildFile; fileRef = 3B5B51161CC12AB00044778E /* StackTest.swift */; };
		3B6DCBD01CBBCD2A004A7BF8 /* EasyDownloadSession.h in Headers */ = {isa = PBXBuildFile; fileRef = 3B6DCBCF1CBBCD2A004A7BF8 /* EasyDownloadSession.h */; settings = {ATTRIBUTES = (Public, ); }; };
		3B6DCBEA1CBBCE68004A7BF8 /* DownloadTaskInfo.swift in Sources */ = {isa = PBXBuildFile; fileRef = 3B6DCBE91CBBCE68004A7BF8 /* DownloadTaskInfo.swift */; };
		3B6DCBFB1CBD2C73004A7BF8 /* EasyDownloadSession.framework in Frameworks */ = {isa = PBXBuildFile; fileRef = 3B6DCBCC1CBBCD2A004A7BF8 /* EasyDownloadSession.framework */; };
		3B6DCC021CBD331A004A7BF8 /* DownloadTaskInfoTest.swift in Sources */ = {isa = PBXBuildFile; fileRef = 3B6DCC011CBD331A004A7BF8 /* DownloadTaskInfoTest.swift */; };
		3B6DCC041CBD3644004A7BF8 /* SessionMock.swift in Sources */ = {isa = PBXBuildFile; fileRef = 3B6DCC031CBD3644004A7BF8 /* SessionMock.swift */; };
		3B6DCC061CBD3761004A7BF8 /* SessionTaskMock.swift in Sources */ = {isa = PBXBuildFile; fileRef = 3B6DCC051CBD3761004A7BF8 /* SessionTaskMock.swift */; };
		3B6DCC081CBD5FBF004A7BF8 /* DownloadTaskInfoMock.swift in Sources */ = {isa = PBXBuildFile; fileRef = 3B6DCC071CBD5FBF004A7BF8 /* DownloadTaskInfoMock.swift */; };
/* End PBXBuildFile section */

/* Begin PBXContainerItemProxy section */
		3B6DCBFC1CBD2C73004A7BF8 /* PBXContainerItemProxy */ = {
			isa = PBXContainerItemProxy;
			containerPortal = 3B6DCBC31CBBCD2A004A7BF8 /* Project object */;
			proxyType = 1;
			remoteGlobalIDString = 3B6DCBCB1CBBCD2A004A7BF8;
			remoteInfo = EasyDownloadSession;
		};
/* End PBXContainerItemProxy section */

/* Begin PBXFileReference section */
		3B2B8FDB1CC4E01900F12842 /* DownloadSession.swift */ = {isa = PBXFileReference; fileEncoding = 4; lastKnownFileType = sourcecode.swift; path = DownloadSession.swift; sourceTree = "<group>"; };
		3B2B8FDD1CC53D3B00F12842 /* DownloadSessionTest.swift */ = {isa = PBXFileReference; fileEncoding = 4; lastKnownFileType = sourcecode.swift; path = DownloadSessionTest.swift; sourceTree = "<group>"; };
		3B3E17071CBFA78A00D9011A /* EasyDownloadTests_Bridging_Header.h */ = {isa = PBXFileReference; fileEncoding = 4; lastKnownFileType = sourcecode.c.h; path = EasyDownloadTests_Bridging_Header.h; sourceTree = "<group>"; };
		3B52340D1CBE4C2E00ECDCFB /* NSData+DataWithContentsOfFile.swift */ = {isa = PBXFileReference; fileEncoding = 4; lastKnownFileType = sourcecode.swift; path = "NSData+DataWithContentsOfFile.swift"; sourceTree = "<group>"; };
		3B5B51141CC114350044778E /* Stack.swift */ = {isa = PBXFileReference; fileEncoding = 4; lastKnownFileType = sourcecode.swift; path = Stack.swift; sourceTree = "<group>"; };
		3B5B51161CC12AB00044778E /* StackTest.swift */ = {isa = PBXFileReference; fileEncoding = 4; lastKnownFileType = sourcecode.swift; path = StackTest.swift; sourceTree = "<group>"; };
		3B6DCBCC1CBBCD2A004A7BF8 /* EasyDownloadSession.framework */ = {isa = PBXFileReference; explicitFileType = wrapper.framework; includeInIndex = 0; path = EasyDownloadSession.framework; sourceTree = BUILT_PRODUCTS_DIR; };
		3B6DCBCF1CBBCD2A004A7BF8 /* EasyDownloadSession.h */ = {isa = PBXFileReference; lastKnownFileType = sourcecode.c.h; path = EasyDownloadSession.h; sourceTree = "<group>"; };
		3B6DCBD11CBBCD2A004A7BF8 /* Info.plist */ = {isa = PBXFileReference; lastKnownFileType = text.plist.xml; path = Info.plist; sourceTree = "<group>"; };
		3B6DCBDD1CBBCD2A004A7BF8 /* Info.plist */ = {isa = PBXFileReference; lastKnownFileType = text.plist.xml; path = Info.plist; sourceTree = "<group>"; };
		3B6DCBE91CBBCE68004A7BF8 /* DownloadTaskInfo.swift */ = {isa = PBXFileReference; fileEncoding = 4; lastKnownFileType = sourcecode.swift; path = DownloadTaskInfo.swift; sourceTree = "<group>"; };
		3B6DCBF61CBD2C73004A7BF8 /* EasyDownloadSessionTests.xctest */ = {isa = PBXFileReference; explicitFileType = wrapper.cfbundle; includeInIndex = 0; path = EasyDownloadSessionTests.xctest; sourceTree = BUILT_PRODUCTS_DIR; };
		3B6DCC011CBD331A004A7BF8 /* DownloadTaskInfoTest.swift */ = {isa = PBXFileReference; fileEncoding = 4; lastKnownFileType = sourcecode.swift; path = DownloadTaskInfoTest.swift; sourceTree = "<group>"; };
		3B6DCC031CBD3644004A7BF8 /* SessionMock.swift */ = {isa = PBXFileReference; fileEncoding = 4; lastKnownFileType = sourcecode.swift; path = SessionMock.swift; sourceTree = "<group>"; };
		3B6DCC051CBD3761004A7BF8 /* SessionTaskMock.swift */ = {isa = PBXFileReference; fileEncoding = 4; lastKnownFileType = sourcecode.swift; path = SessionTaskMock.swift; sourceTree = "<group>"; };
		3B6DCC071CBD5FBF004A7BF8 /* DownloadTaskInfoMock.swift */ = {isa = PBXFileReference; fileEncoding = 4; lastKnownFileType = sourcecode.swift; path = DownloadTaskInfoMock.swift; sourceTree = "<group>"; };
/* End PBXFileReference section */

/* Begin PBXFrameworksBuildPhase section */
		3B6DCBC81CBBCD2A004A7BF8 /* Frameworks */ = {
			isa = PBXFrameworksBuildPhase;
			buildActionMask = 2147483647;
			files = (
			);
			runOnlyForDeploymentPostprocessing = 0;
		};
		3B6DCBF31CBD2C73004A7BF8 /* Frameworks */ = {
			isa = PBXFrameworksBuildPhase;
			buildActionMask = 2147483647;
			files = (
				3B6DCBFB1CBD2C73004A7BF8 /* EasyDownloadSession.framework in Frameworks */,
			);
			runOnlyForDeploymentPostprocessing = 0;
		};
/* End PBXFrameworksBuildPhase section */

/* Begin PBXGroup section */
		3B2B8FDA1CC4DFF600F12842 /* DownloadSession */ = {
			isa = PBXGroup;
			children = (
				3B2B8FDD1CC53D3B00F12842 /* DownloadSessionTest.swift */,
			);
			path = DownloadSession;
			sourceTree = "<group>";
		};
		3B6DCBC21CBBCD2A004A7BF8 = {
			isa = PBXGroup;
			children = (
				3B6DCBCE1CBBCD2A004A7BF8 /* EasyDownloadSession */,
				3B6DCBDA1CBBCD2A004A7BF8 /* EasyDownloadSessionTests */,
				3B6DCBCD1CBBCD2A004A7BF8 /* Products */,
			);
			sourceTree = "<group>";
		};
		3B6DCBCD1CBBCD2A004A7BF8 /* Products */ = {
			isa = PBXGroup;
			children = (
				3B6DCBCC1CBBCD2A004A7BF8 /* EasyDownloadSession.framework */,
				3B6DCBF61CBD2C73004A7BF8 /* EasyDownloadSessionTests.xctest */,
			);
			name = Products;
			sourceTree = "<group>";
		};
		3B6DCBCE1CBBCD2A004A7BF8 /* EasyDownloadSession */ = {
			isa = PBXGroup;
			children = (
				3B6DCBE81CBBCE29004A7BF8 /* DownloadSession */,
				3B6DCBE71CBBCE29004A7BF8 /* DownloadTaskInfo */,
				3B6DCBCF1CBBCD2A004A7BF8 /* EasyDownloadSession.h */,
				3B6DCBD11CBBCD2A004A7BF8 /* Info.plist */,
				3B6DCBE61CBBCE29004A7BF8 /* Stack */,
			);
			path = EasyDownloadSession;
			sourceTree = "<group>";
		};
		3B6DCBDA1CBBCD2A004A7BF8 /* EasyDownloadSessionTests */ = {
			isa = PBXGroup;
			children = (
				3B2B8FDA1CC4DFF600F12842 /* DownloadSession */,
				3B6DCBEB1CBD2BA6004A7BF8 /* DownloadTaskInfo */,
				3B3E17071CBFA78A00D9011A /* EasyDownloadTests_Bridging_Header.h */,
				3B6DCBDD1CBBCD2A004A7BF8 /* Info.plist */,
				3B6DCBED1CBD2BA6004A7BF8 /* MockClasses */,
				3B6DCBEC1CBD2BA6004A7BF8 /* Stack */,
			);
			path = EasyDownloadSessionTests;
			sourceTree = "<group>";
		};
		3B6DCBE61CBBCE29004A7BF8 /* Stack */ = {
			isa = PBXGroup;
			children = (
				3B5B51141CC114350044778E /* Stack.swift */,
			);
			path = Stack;
			sourceTree = "<group>";
		};
		3B6DCBE71CBBCE29004A7BF8 /* DownloadTaskInfo */ = {
			isa = PBXGroup;
			children = (
				3B6DCBE91CBBCE68004A7BF8 /* DownloadTaskInfo.swift */,
			);
			path = DownloadTaskInfo;
			sourceTree = "<group>";
		};
		3B6DCBE81CBBCE29004A7BF8 /* DownloadSession */ = {
			isa = PBXGroup;
			children = (
				3B2B8FDB1CC4E01900F12842 /* DownloadSession.swift */,
			);
			path = DownloadSession;
			sourceTree = "<group>";
		};
		3B6DCBEB1CBD2BA6004A7BF8 /* DownloadTaskInfo */ = {
			isa = PBXGroup;
			children = (
				3B6DCC011CBD331A004A7BF8 /* DownloadTaskInfoTest.swift */,
			);
			path = DownloadTaskInfo;
			sourceTree = "<group>";
		};
		3B6DCBEC1CBD2BA6004A7BF8 /* Stack */ = {
			isa = PBXGroup;
			children = (
				3B5B51161CC12AB00044778E /* StackTest.swift */,
			);
			path = Stack;
			sourceTree = "<group>";
		};
		3B6DCBED1CBD2BA6004A7BF8 /* MockClasses */ = {
			isa = PBXGroup;
			children = (
				3B6DCBEE1CBD2BA6004A7BF8 /* Data */,
				3B6DCBEF1CBD2BA6004A7BF8 /* DownloadTaskInfo */,
				3B6DCBF01CBD2BA6004A7BF8 /* Session */,
				3B6DCBF11CBD2BA6004A7BF8 /* SessionTask */,
			);
			path = MockClasses;
			sourceTree = "<group>";
		};
		3B6DCBEE1CBD2BA6004A7BF8 /* Data */ = {
			isa = PBXGroup;
			children = (
				3B52340D1CBE4C2E00ECDCFB /* NSData+DataWithContentsOfFile.swift */,
			);
			path = Data;
			sourceTree = "<group>";
		};
		3B6DCBEF1CBD2BA6004A7BF8 /* DownloadTaskInfo */ = {
			isa = PBXGroup;
			children = (
				3B6DCC071CBD5FBF004A7BF8 /* DownloadTaskInfoMock.swift */,
			);
			path = DownloadTaskInfo;
			sourceTree = "<group>";
		};
		3B6DCBF01CBD2BA6004A7BF8 /* Session */ = {
			isa = PBXGroup;
			children = (
				3B6DCC031CBD3644004A7BF8 /* SessionMock.swift */,
			);
			path = Session;
			sourceTree = "<group>";
		};
		3B6DCBF11CBD2BA6004A7BF8 /* SessionTask */ = {
			isa = PBXGroup;
			children = (
				3B6DCC051CBD3761004A7BF8 /* SessionTaskMock.swift */,
			);
			path = SessionTask;
			sourceTree = "<group>";
		};
/* End PBXGroup section */

/* Begin PBXHeadersBuildPhase section */
		3B3E170D1CBFB27100D9011A /* Headers */ = {
			isa = PBXHeadersBuildPhase;
			buildActionMask = 2147483647;
			files = (
			);
			runOnlyForDeploymentPostprocessing = 0;
		};
		3B6DCBC91CBBCD2A004A7BF8 /* Headers */ = {
			isa = PBXHeadersBuildPhase;
			buildActionMask = 2147483647;
			files = (
				3B6DCBD01CBBCD2A004A7BF8 /* EasyDownloadSession.h in Headers */,
			);
			runOnlyForDeploymentPostprocessing = 0;
		};
/* End PBXHeadersBuildPhase section */

/* Begin PBXNativeTarget section */
		3B6DCBCB1CBBCD2A004A7BF8 /* EasyDownloadSession */ = {
			isa = PBXNativeTarget;
			buildConfigurationList = 3B6DCBE01CBBCD2A004A7BF8 /* Build configuration list for PBXNativeTarget "EasyDownloadSession" */;
			buildPhases = (
				3B6DCBC71CBBCD2A004A7BF8 /* Sources */,
				3B6DCBC81CBBCD2A004A7BF8 /* Frameworks */,
				3B6DCBC91CBBCD2A004A7BF8 /* Headers */,
				3B6DCBCA1CBBCD2A004A7BF8 /* Resources */,
			);
			buildRules = (
			);
			dependencies = (
			);
			name = EasyDownloadSession;
			productName = EasyDownloadSession;
			productReference = 3B6DCBCC1CBBCD2A004A7BF8 /* EasyDownloadSession.framework */;
			productType = "com.apple.product-type.framework";
		};
		3B6DCBF51CBD2C73004A7BF8 /* EasyDownloadSessionTests */ = {
			isa = PBXNativeTarget;
			buildConfigurationList = 3B6DCBFE1CBD2C73004A7BF8 /* Build configuration list for PBXNativeTarget "EasyDownloadSessionTests" */;
			buildPhases = (
				3B6DCBF21CBD2C73004A7BF8 /* Sources */,
				3B6DCBF31CBD2C73004A7BF8 /* Frameworks */,
				3B6DCBF41CBD2C73004A7BF8 /* Resources */,
				3B3E170D1CBFB27100D9011A /* Headers */,
			);
			buildRules = (
			);
			dependencies = (
				3B6DCBFD1CBD2C73004A7BF8 /* PBXTargetDependency */,
			);
			name = EasyDownloadSessionTests;
			productName = EasyDownloadSessionTests;
			productReference = 3B6DCBF61CBD2C73004A7BF8 /* EasyDownloadSessionTests.xctest */;
			productType = "com.apple.product-type.bundle.unit-test";
		};
/* End PBXNativeTarget section */

/* Begin PBXProject section */
		3B6DCBC31CBBCD2A004A7BF8 /* Project object */ = {
			isa = PBXProject;
			attributes = {
				LastSwiftUpdateCheck = 0730;
				LastUpgradeCheck = 0730;
				ORGANIZATIONNAME = "Javier Laguna";
				TargetAttributes = {
					3B6DCBCB1CBBCD2A004A7BF8 = {
						CreatedOnToolsVersion = 7.3;
					};
					3B6DCBF51CBD2C73004A7BF8 = {
						CreatedOnToolsVersion = 7.3;
					};
				};
			};
			buildConfigurationList = 3B6DCBC61CBBCD2A004A7BF8 /* Build configuration list for PBXProject "EasyDownloadSession" */;
			compatibilityVersion = "Xcode 3.2";
			developmentRegion = English;
			hasScannedForEncodings = 0;
			knownRegions = (
				en,
			);
			mainGroup = 3B6DCBC21CBBCD2A004A7BF8;
			productRefGroup = 3B6DCBCD1CBBCD2A004A7BF8 /* Products */;
			projectDirPath = "";
			projectRoot = "";
			targets = (
				3B6DCBCB1CBBCD2A004A7BF8 /* EasyDownloadSession */,
				3B6DCBF51CBD2C73004A7BF8 /* EasyDownloadSessionTests */,
			);
		};
/* End PBXProject section */

/* Begin PBXResourcesBuildPhase section */
		3B6DCBCA1CBBCD2A004A7BF8 /* Resources */ = {
			isa = PBXResourcesBuildPhase;
			buildActionMask = 2147483647;
			files = (
			);
			runOnlyForDeploymentPostprocessing = 0;
		};
		3B6DCBF41CBD2C73004A7BF8 /* Resources */ = {
			isa = PBXResourcesBuildPhase;
			buildActionMask = 2147483647;
			files = (
			);
			runOnlyForDeploymentPostprocessing = 0;
		};
/* End PBXResourcesBuildPhase section */

/* Begin PBXSourcesBuildPhase section */
		3B6DCBC71CBBCD2A004A7BF8 /* Sources */ = {
			isa = PBXSourcesBuildPhase;
			buildActionMask = 2147483647;
			files = (
				3B5B51151CC114350044778E /* Stack.swift in Sources */,
				3B2B8FDC1CC4E01900F12842 /* DownloadSession.swift in Sources */,
				3B6DCBEA1CBBCE68004A7BF8 /* DownloadTaskInfo.swift in Sources */,
			);
			runOnlyForDeploymentPostprocessing = 0;
		};
		3B6DCBF21CBD2C73004A7BF8 /* Sources */ = {
			isa = PBXSourcesBuildPhase;
			buildActionMask = 2147483647;
			files = (
				3B6DCC021CBD331A004A7BF8 /* DownloadTaskInfoTest.swift in Sources */,
				3B6DCC061CBD3761004A7BF8 /* SessionTaskMock.swift in Sources */,
				3B5B51171CC12AB00044778E /* StackTest.swift in Sources */,
				3B6DCC081CBD5FBF004A7BF8 /* DownloadTaskInfoMock.swift in Sources */,
				3B5234141CBE74CF00ECDCFB /* NSData+DataWithContentsOfFile.swift in Sources */,
				3B2B8FDE1CC53D3B00F12842 /* DownloadSessionTest.swift in Sources */,
				3B6DCC041CBD3644004A7BF8 /* SessionMock.swift in Sources */,
			);
			runOnlyForDeploymentPostprocessing = 0;
		};
/* End PBXSourcesBuildPhase section */

/* Begin PBXTargetDependency section */
		3B6DCBFD1CBD2C73004A7BF8 /* PBXTargetDependency */ = {
			isa = PBXTargetDependency;
			target = 3B6DCBCB1CBBCD2A004A7BF8 /* EasyDownloadSession */;
			targetProxy = 3B6DCBFC1CBD2C73004A7BF8 /* PBXContainerItemProxy */;
		};
/* End PBXTargetDependency section */

/* Begin XCBuildConfiguration section */
		3B6DCBDE1CBBCD2A004A7BF8 /* Debug */ = {
			isa = XCBuildConfiguration;
			buildSettings = {
				ALWAYS_SEARCH_USER_PATHS = NO;
				CLANG_ANALYZER_NONNULL = YES;
				CLANG_CXX_LANGUAGE_STANDARD = "gnu++0x";
				CLANG_CXX_LIBRARY = "libc++";
				CLANG_ENABLE_MODULES = YES;
				CLANG_ENABLE_OBJC_ARC = YES;
				CLANG_WARN_BOOL_CONVERSION = YES;
				CLANG_WARN_CONSTANT_CONVERSION = YES;
				CLANG_WARN_DIRECT_OBJC_ISA_USAGE = YES_ERROR;
				CLANG_WARN_EMPTY_BODY = YES;
				CLANG_WARN_ENUM_CONVERSION = YES;
				CLANG_WARN_INT_CONVERSION = YES;
				CLANG_WARN_OBJC_ROOT_CLASS = YES_ERROR;
				CLANG_WARN_UNREACHABLE_CODE = YES;
				CLANG_WARN__DUPLICATE_METHOD_MATCH = YES;
				"CODE_SIGN_IDENTITY[sdk=iphoneos*]" = "iPhone Developer";
				COPY_PHASE_STRIP = NO;
				CURRENT_PROJECT_VERSION = 1;
				DEBUG_INFORMATION_FORMAT = dwarf;
				ENABLE_STRICT_OBJC_MSGSEND = YES;
				ENABLE_TESTABILITY = YES;
				GCC_C_LANGUAGE_STANDARD = gnu99;
				GCC_DYNAMIC_NO_PIC = NO;
				GCC_NO_COMMON_BLOCKS = YES;
				GCC_OPTIMIZATION_LEVEL = 0;
				GCC_PREPROCESSOR_DEFINITIONS = (
					"DEBUG=1",
					"$(inherited)",
				);
				GCC_WARN_64_TO_32_BIT_CONVERSION = YES;
				GCC_WARN_ABOUT_RETURN_TYPE = YES_ERROR;
				GCC_WARN_UNDECLARED_SELECTOR = YES;
				GCC_WARN_UNINITIALIZED_AUTOS = YES_AGGRESSIVE;
				GCC_WARN_UNUSED_FUNCTION = YES;
				GCC_WARN_UNUSED_VARIABLE = YES;
				IPHONEOS_DEPLOYMENT_TARGET = 9.3;
				MTL_ENABLE_DEBUG_INFO = YES;
				ONLY_ACTIVE_ARCH = YES;
				SDKROOT = iphoneos;
				SWIFT_OPTIMIZATION_LEVEL = "-Onone";
				TARGETED_DEVICE_FAMILY = "1,2";
				VERSIONING_SYSTEM = "apple-generic";
				VERSION_INFO_PREFIX = "";
			};
			name = Debug;
		};
		3B6DCBDF1CBBCD2A004A7BF8 /* Release */ = {
			isa = XCBuildConfiguration;
			buildSettings = {
				ALWAYS_SEARCH_USER_PATHS = NO;
				CLANG_ANALYZER_NONNULL = YES;
				CLANG_CXX_LANGUAGE_STANDARD = "gnu++0x";
				CLANG_CXX_LIBRARY = "libc++";
				CLANG_ENABLE_MODULES = YES;
				CLANG_ENABLE_OBJC_ARC = YES;
				CLANG_WARN_BOOL_CONVERSION = YES;
				CLANG_WARN_CONSTANT_CONVERSION = YES;
				CLANG_WARN_DIRECT_OBJC_ISA_USAGE = YES_ERROR;
				CLANG_WARN_EMPTY_BODY = YES;
				CLANG_WARN_ENUM_CONVERSION = YES;
				CLANG_WARN_INT_CONVERSION = YES;
				CLANG_WARN_OBJC_ROOT_CLASS = YES_ERROR;
				CLANG_WARN_UNREACHABLE_CODE = YES;
				CLANG_WARN__DUPLICATE_METHOD_MATCH = YES;
				"CODE_SIGN_IDENTITY[sdk=iphoneos*]" = "iPhone Developer";
				COPY_PHASE_STRIP = NO;
				CURRENT_PROJECT_VERSION = 1;
				DEBUG_INFORMATION_FORMAT = "dwarf-with-dsym";
				ENABLE_NS_ASSERTIONS = NO;
				ENABLE_STRICT_OBJC_MSGSEND = YES;
				GCC_C_LANGUAGE_STANDARD = gnu99;
				GCC_NO_COMMON_BLOCKS = YES;
				GCC_WARN_64_TO_32_BIT_CONVERSION = YES;
				GCC_WARN_ABOUT_RETURN_TYPE = YES_ERROR;
				GCC_WARN_UNDECLARED_SELECTOR = YES;
				GCC_WARN_UNINITIALIZED_AUTOS = YES_AGGRESSIVE;
				GCC_WARN_UNUSED_FUNCTION = YES;
				GCC_WARN_UNUSED_VARIABLE = YES;
				IPHONEOS_DEPLOYMENT_TARGET = 9.3;
				MTL_ENABLE_DEBUG_INFO = NO;
				SDKROOT = iphoneos;
				TARGETED_DEVICE_FAMILY = "1,2";
				VALIDATE_PRODUCT = YES;
				VERSIONING_SYSTEM = "apple-generic";
				VERSION_INFO_PREFIX = "";
			};
			name = Release;
		};
		3B6DCBE11CBBCD2A004A7BF8 /* Debug */ = {
			isa = XCBuildConfiguration;
			buildSettings = {
				CLANG_ENABLE_MODULES = YES;
				DEFINES_MODULE = YES;
				DYLIB_COMPATIBILITY_VERSION = 1;
				DYLIB_CURRENT_VERSION = 1;
				DYLIB_INSTALL_NAME_BASE = "@rpath";
				GCC_PREPROCESSOR_DEFINITIONS = (
					"DEBUG=1",
					"$(inherited)",
				);
				INFOPLIST_FILE = EasyDownloadSession/Info.plist;
				INSTALL_PATH = "$(LOCAL_LIBRARY_DIR)/Frameworks";
				LD_RUNPATH_SEARCH_PATHS = "$(inherited) @executable_path/Frameworks @loader_path/Frameworks";
				OTHER_SWIFT_FLAGS = "-D DEBUG";
				PRODUCT_BUNDLE_IDENTIFIER = com.lagusoft.EasyDownloadSession;
				PRODUCT_NAME = "$(TARGET_NAME)";
				SKIP_INSTALL = YES;
				SWIFT_OPTIMIZATION_LEVEL = "-Onone";
			};
			name = Debug;
		};
		3B6DCBE21CBBCD2A004A7BF8 /* Release */ = {
			isa = XCBuildConfiguration;
			buildSettings = {
				CLANG_ENABLE_MODULES = YES;
				DEFINES_MODULE = YES;
				DYLIB_COMPATIBILITY_VERSION = 1;
				DYLIB_CURRENT_VERSION = 1;
				DYLIB_INSTALL_NAME_BASE = "@rpath";
				INFOPLIST_FILE = EasyDownloadSession/Info.plist;
				INSTALL_PATH = "$(LOCAL_LIBRARY_DIR)/Frameworks";
				LD_RUNPATH_SEARCH_PATHS = "$(inherited) @executable_path/Frameworks @loader_path/Frameworks";
				OTHER_SWIFT_FLAGS = "-D DEBUG";
				PRODUCT_BUNDLE_IDENTIFIER = com.lagusoft.EasyDownloadSession;
				PRODUCT_NAME = "$(TARGET_NAME)";
				SKIP_INSTALL = YES;
			};
			name = Release;
		};
		3B6DCBFF1CBD2C73004A7BF8 /* Debug */ = {
			isa = XCBuildConfiguration;
			buildSettings = {
				CLANG_ENABLE_MODULES = YES;
				GCC_PREPROCESSOR_DEFINITIONS = (
					"DEBUG=1",
					"$(inherited)",
				);
				INFOPLIST_FILE = EasyDownloadSessionTests/Info.plist;
				LD_RUNPATH_SEARCH_PATHS = "$(inherited) @executable_path/Frameworks @loader_path/Frameworks";
				OTHER_SWIFT_FLAGS = "";
				PRODUCT_BUNDLE_IDENTIFIER = com.lagusoft.EasyDownloadSessionTests;
				PRODUCT_NAME = "$(TARGET_NAME)";
				SWIFT_OBJC_BRIDGING_HEADER = "";
				SWIFT_OPTIMIZATION_LEVEL = "-Onone";
			};
			name = Debug;
		};
		3B6DCC001CBD2C73004A7BF8 /* Release */ = {
			isa = XCBuildConfiguration;
			buildSettings = {
				CLANG_ENABLE_MODULES = YES;
				INFOPLIST_FILE = EasyDownloadSessionTests/Info.plist;
				LD_RUNPATH_SEARCH_PATHS = "$(inherited) @executable_path/Frameworks @loader_path/Frameworks";
				OTHER_SWIFT_FLAGS = "";
				PRODUCT_BUNDLE_IDENTIFIER = com.lagusoft.EasyDownloadSessionTests;
				PRODUCT_NAME = "$(TARGET_NAME)";
				SWIFT_OBJC_BRIDGING_HEADER = "";
			};
			name = Release;
		};
/* End XCBuildConfiguration section */

/* Begin XCConfigurationList section */
		3B6DCBC61CBBCD2A004A7BF8 /* Build configuration list for PBXProject "EasyDownloadSession" */ = {
			isa = XCConfigurationList;
			buildConfigurations = (
				3B6DCBDE1CBBCD2A004A7BF8 /* Debug */,
				3B6DCBDF1CBBCD2A004A7BF8 /* Release */,
			);
			defaultConfigurationIsVisible = 0;
			defaultConfigurationName = Release;
		};
		3B6DCBE01CBBCD2A004A7BF8 /* Build configuration list for PBXNativeTarget "EasyDownloadSession" */ = {
			isa = XCConfigurationList;
			buildConfigurations = (
				3B6DCBE11CBBCD2A004A7BF8 /* Debug */,
				3B6DCBE21CBBCD2A004A7BF8 /* Release */,
			);
			defaultConfigurationIsVisible = 0;
			defaultConfigurationName = Release;
		};
		3B6DCBFE1CBD2C73004A7BF8 /* Build configuration list for PBXNativeTarget "EasyDownloadSessionTests" */ = {
			isa = XCConfigurationList;
			buildConfigurations = (
				3B6DCBFF1CBD2C73004A7BF8 /* Debug */,
				3B6DCC001CBD2C73004A7BF8 /* Release */,
			);
			defaultConfigurationIsVisible = 0;
			defaultConfigurationName = Release;
		};
/* End XCConfigurationList section */
	};
	rootObject = 3B6DCBC31CBBCD2A004A7BF8 /* Project object */;
}
